
Microsoft Visual Studio Solution File, Format Version 12.00
# Visual Studio 15
VisualStudioVersion = 15.0.28010.2036
MinimumVisualStudioVersion = 10.0.40219.1
Project("{FAE04EC0-301F-11D3-BF4B-00C04F79EFBC}") = "ProjectManager.Core", "ProjectManager.Core\ProjectManager.Core.csproj", "{1D84D965-84EC-4493-B620-DB9D56FBBFF8}"
EndProject
Project("{FAE04EC0-301F-11D3-BF4B-00C04F79EFBC}") = "ProjectManager.Persistence", "ProjectManager.Persistence\ProjectManager.Persistence.csproj", "{FAEC9FBA-76B1-4AB6-932D-A4E0B0170C81}"
EndProject
Project("{FAE04EC0-301F-11D3-BF4B-00C04F79EFBC}") = "ProjectManager.Web", "ProjectManager.Web\ProjectManager.Web.csproj", "{18646E9C-F5A0-4025-B8F5-CB3885F46AA6}"
EndProject
Global
	GlobalSection(SolutionConfigurationPlatforms) = preSolution
		Debug|Any CPU = Debug|Any CPU
		Release|Any CPU = Release|Any CPU
	EndGlobalSection
	GlobalSection(ProjectConfigurationPlatforms) = postSolution
		{1D84D965-84EC-4493-B620-DB9D56FBBFF8}.Debug|Any CPU.ActiveCfg = Debug|Any CPU
		{1D84D965-84EC-4493-B620-DB9D56FBBFF8}.Debug|Any CPU.Build.0 = Debug|Any CPU
		{1D84D965-84EC-4493-B620-DB9D56FBBFF8}.Release|Any CPU.ActiveCfg = Release|Any CPU
		{1D84D965-84EC-4493-B620-DB9D56FBBFF8}.Release|Any CPU.Build.0 = Release|Any CPU
		{FAEC9FBA-76B1-4AB6-932D-A4E0B0170C81}.Debug|Any CPU.ActiveCfg = Debug|Any CPU
		{FAEC9FBA-76B1-4AB6-932D-A4E0B0170C81}.Debug|Any CPU.Build.0 = Debug|Any CPU
		{FAEC9FBA-76B1-4AB6-932D-A4E0B0170C81}.Release|Any CPU.ActiveCfg = Release|Any CPU
		{FAEC9FBA-76B1-4AB6-932D-A4E0B0170C81}.Release|Any CPU.Build.0 = Release|Any CPU
		{18646E9C-F5A0-4025-B8F5-CB3885F46AA6}.Debug|Any CPU.ActiveCfg = Debug|Any CPU
		{18646E9C-F5A0-4025-B8F5-CB3885F46AA6}.Debug|Any CPU.Build.0 = Debug|Any CPU
		{18646E9C-F5A0-4025-B8F5-CB3885F46AA6}.Release|Any CPU.ActiveCfg = Release|Any CPU
		{18646E9C-F5A0-4025-B8F5-CB3885F46AA6}.Release|Any CPU.Build.0 = Release|Any CPU
	EndGlobalSection
	GlobalSection(SolutionProperties) = preSolution
		HideSolutionNode = FALSE
	EndGlobalSection
	GlobalSection(ExtensibilityGlobals) = postSolution
		SolutionGuid = {25C01ED4-E8CE-4E4D-992E-A7982EB66759}
	EndGlobalSection
EndGlobal
